// !$*UTF8*$!
{
	archiveVersion = 1;
	classes = {
	};
	objectVersion = 46;
	objects = {

/* Begin PBXBuildFile section */
		9DC4B9511AF07DE2000CD3A8 /* main.m in Sources */ = {isa = PBXBuildFile; fileRef = 9DC4B9501AF07DE2000CD3A8 /* main.m */; };
		9DC4B9541AF07DE2000CD3A8 /* AppDelegate.m in Sources */ = {isa = PBXBuildFile; fileRef = 9DC4B9531AF07DE2000CD3A8 /* AppDelegate.m */; };
		9DC4B95C1AF07DE2000CD3A8 /* Images.xcassets in Resources */ = {isa = PBXBuildFile; fileRef = 9DC4B95B1AF07DE2000CD3A8 /* Images.xcassets */; };
		9DC4B95F1AF07DE2000CD3A8 /* LaunchScreen.xib in Resources */ = {isa = PBXBuildFile; fileRef = 9DC4B95D1AF07DE2000CD3A8 /* LaunchScreen.xib */; };
		9DC4B96B1AF07DE2000CD3A8 /* FlexLayoutDemoiOSTests.m in Sources */ = {isa = PBXBuildFile; fileRef = 9DC4B96A1AF07DE2000CD3A8 /* FlexLayoutDemoiOSTests.m */; };
		9DC4B99B1AF0807E000CD3A8 /* MenuTableViewController.m in Sources */ = {isa = PBXBuildFile; fileRef = 9DC4B9961AF0807E000CD3A8 /* MenuTableViewController.m */; };
		9DC4B99C1AF0807E000CD3A8 /* MovieListViewController.m in Sources */ = {isa = PBXBuildFile; fileRef = 9DC4B9981AF0807E000CD3A8 /* MovieListViewController.m */; };
		9DC4B99D1AF0807E000CD3A8 /* MovieModel.m in Sources */ = {isa = PBXBuildFile; fileRef = 9DC4B99A1AF0807E000CD3A8 /* MovieModel.m */; };
		9DC4B99F1AF0814B000CD3A8 /* data.json in Resources */ = {isa = PBXBuildFile; fileRef = 9DC4B99E1AF0814B000CD3A8 /* data.json */; };
/* End PBXBuildFile section */

/* Begin PBXContainerItemProxy section */
		9DC4B9651AF07DE2000CD3A8 /* PBXContainerItemProxy */ = {
			isa = PBXContainerItemProxy;
			containerPortal = 9DC4B9431AF07DE2000CD3A8 /* Project object */;
			proxyType = 1;
			remoteGlobalIDString = 9DC4B94A1AF07DE2000CD3A8;
			remoteInfo = FlexLayoutDemoiOS;
		};
		9DC4B97A1AF07F11000CD3A8 /* PBXContainerItemProxy */ = {
			isa = PBXContainerItemProxy;
			containerPortal = 9DC4B9741AF07F11000CD3A8 /* FlexLayout.xcodeproj */;
			proxyType = 2;
			remoteGlobalIDString = 9D8A4E041AF02DCC00124CCC;
			remoteInfo = "FlexLayout-Mac";
		};
		9DC4B97C1AF07F11000CD3A8 /* PBXContainerItemProxy */ = {
			isa = PBXContainerItemProxy;
			containerPortal = 9DC4B9741AF07F11000CD3A8 /* FlexLayout.xcodeproj */;
			proxyType = 2;
			remoteGlobalIDString = 9D8A4E0F1AF02DCC00124CCC;
			remoteInfo = FlexLayoutTests;
		};
		9DC4B97E1AF07F11000CD3A8 /* PBXContainerItemProxy */ = {
			isa = PBXContainerItemProxy;
			containerPortal = 9DC4B9741AF07F11000CD3A8 /* FlexLayout.xcodeproj */;
			proxyType = 2;
			remoteGlobalIDString = 9D8A4E251AF02E2000124CCC;
			remoteInfo = "FlexLayout-iOS";
		};
		9DC4B98F1AF07F60000CD3A8 /* PBXContainerItemProxy */ = {
			isa = PBXContainerItemProxy;
			containerPortal = 9DC4B9741AF07F11000CD3A8 /* FlexLayout.xcodeproj */;
			proxyType = 1;
			remoteGlobalIDString = 9D8A4E241AF02E2000124CCC;
			remoteInfo = "FlexLayout-iOS";
		};
/* End PBXContainerItemProxy section */

/* Begin PBXFileReference section */
		9DC4B94B1AF07DE2000CD3A8 /* FlexLayoutDemoiOS.app */ = {isa = PBXFileReference; explicitFileType = wrapper.application; includeInIndex = 0; path = FlexLayoutDemoiOS.app; sourceTree = BUILT_PRODUCTS_DIR; };
		9DC4B94F1AF07DE2000CD3A8 /* Info.plist */ = {isa = PBXFileReference; lastKnownFileType = text.plist.xml; path = Info.plist; sourceTree = "<group>"; };
		9DC4B9501AF07DE2000CD3A8 /* main.m */ = {isa = PBXFileReference; lastKnownFileType = sourcecode.c.objc; path = main.m; sourceTree = "<group>"; };
		9DC4B9521AF07DE2000CD3A8 /* AppDelegate.h */ = {isa = PBXFileReference; lastKnownFileType = sourcecode.c.h; path = AppDelegate.h; sourceTree = "<group>"; };
		9DC4B9531AF07DE2000CD3A8 /* AppDelegate.m */ = {isa = PBXFileReference; lastKnownFileType = sourcecode.c.objc; path = AppDelegate.m; sourceTree = "<group>"; };
		9DC4B95B1AF07DE2000CD3A8 /* Images.xcassets */ = {isa = PBXFileReference; lastKnownFileType = folder.assetcatalog; path = Images.xcassets; sourceTree = "<group>"; };
		9DC4B95E1AF07DE2000CD3A8 /* Base */ = {isa = PBXFileReference; lastKnownFileType = file.xib; name = Base; path = Base.lproj/LaunchScreen.xib; sourceTree = "<group>"; };
		9DC4B9641AF07DE2000CD3A8 /* FlexLayoutDemoiOSTests.xctest */ = {isa = PBXFileReference; explicitFileType = wrapper.cfbundle; includeInIndex = 0; path = FlexLayoutDemoiOSTests.xctest; sourceTree = BUILT_PRODUCTS_DIR; };
		9DC4B9691AF07DE2000CD3A8 /* Info.plist */ = {isa = PBXFileReference; lastKnownFileType = text.plist.xml; path = Info.plist; sourceTree = "<group>"; };
		9DC4B96A1AF07DE2000CD3A8 /* FlexLayoutDemoiOSTests.m */ = {isa = PBXFileReference; lastKnownFileType = sourcecode.c.objc; path = FlexLayoutDemoiOSTests.m; sourceTree = "<group>"; };
		9DC4B9741AF07F11000CD3A8 /* FlexLayout.xcodeproj */ = {isa = PBXFileReference; lastKnownFileType = "wrapper.pb-project"; name = FlexLayout.xcodeproj; path = ../FlexLayout.xcodeproj; sourceTree = "<group>"; };
		9DC4B9951AF0807E000CD3A8 /* MenuTableViewController.h */ = {isa = PBXFileReference; fileEncoding = 4; lastKnownFileType = sourcecode.c.h; path = MenuTableViewController.h; sourceTree = "<group>"; };
		9DC4B9961AF0807E000CD3A8 /* MenuTableViewController.m */ = {isa = PBXFileReference; fileEncoding = 4; lastKnownFileType = sourcecode.c.objc; path = MenuTableViewController.m; sourceTree = "<group>"; };
		9DC4B9971AF0807E000CD3A8 /* MovieListViewController.h */ = {isa = PBXFileReference; fileEncoding = 4; lastKnownFileType = sourcecode.c.h; path = MovieListViewController.h; sourceTree = "<group>"; };
		9DC4B9981AF0807E000CD3A8 /* MovieListViewController.m */ = {isa = PBXFileReference; fileEncoding = 4; lastKnownFileType = sourcecode.c.objc; path = MovieListViewController.m; sourceTree = "<group>"; };
		9DC4B9991AF0807E000CD3A8 /* MovieModel.h */ = {isa = PBXFileReference; fileEncoding = 4; lastKnownFileType = sourcecode.c.h; path = MovieModel.h; sourceTree = "<group>"; };
		9DC4B99A1AF0807E000CD3A8 /* MovieModel.m */ = {isa = PBXFileReference; fileEncoding = 4; lastKnownFileType = sourcecode.c.objc; path = MovieModel.m; sourceTree = "<group>"; };
		9DC4B99E1AF0814B000CD3A8 /* data.json */ = {isa = PBXFileReference; fileEncoding = 4; lastKnownFileType = text.json; path = data.json; sourceTree = "<group>"; };
/* End PBXFileReference section */

/* Begin PBXFrameworksBuildPhase section */
		9DC4B9481AF07DE2000CD3A8 /* Frameworks */ = {
			isa = PBXFrameworksBuildPhase;
			buildActionMask = 2147483647;
			files = (
			);
			runOnlyForDeploymentPostprocessing = 0;
		};
		9DC4B9611AF07DE2000CD3A8 /* Frameworks */ = {
			isa = PBXFrameworksBuildPhase;
			buildActionMask = 2147483647;
			files = (
			);
			runOnlyForDeploymentPostprocessing = 0;
		};
/* End PBXFrameworksBuildPhase section */

/* Begin PBXGroup section */
		9DC4B9421AF07DE2000CD3A8 = {
			isa = PBXGroup;
			children = (
				9DC4B94D1AF07DE2000CD3A8 /* FlexLayoutDemoiOS */,
				9DC4B9671AF07DE2000CD3A8 /* FlexLayoutDemoiOSTests */,
				9DC4B94C1AF07DE2000CD3A8 /* Products */,
				9DC4B9741AF07F11000CD3A8 /* FlexLayout.xcodeproj */,
			);
			sourceTree = "<group>";
		};
		9DC4B94C1AF07DE2000CD3A8 /* Products */ = {
			isa = PBXGroup;
			children = (
				9DC4B94B1AF07DE2000CD3A8 /* FlexLayoutDemoiOS.app */,
				9DC4B9641AF07DE2000CD3A8 /* FlexLayoutDemoiOSTests.xctest */,
			);
			name = Products;
			sourceTree = "<group>";
		};
		9DC4B94D1AF07DE2000CD3A8 /* FlexLayoutDemoiOS */ = {
			isa = PBXGroup;
			children = (
				9DC4B9521AF07DE2000CD3A8 /* AppDelegate.h */,
				9DC4B9531AF07DE2000CD3A8 /* AppDelegate.m */,
				9DC4B9991AF0807E000CD3A8 /* MovieModel.h */,
				9DC4B99A1AF0807E000CD3A8 /* MovieModel.m */,
				9DC4B9951AF0807E000CD3A8 /* MenuTableViewController.h */,
				9DC4B9961AF0807E000CD3A8 /* MenuTableViewController.m */,
				9DC4B9971AF0807E000CD3A8 /* MovieListViewController.h */,
				9DC4B9981AF0807E000CD3A8 /* MovieListViewController.m */,
				9DC4B95B1AF07DE2000CD3A8 /* Images.xcassets */,
				9DC4B95D1AF07DE2000CD3A8 /* LaunchScreen.xib */,
				9DC4B94E1AF07DE2000CD3A8 /* Supporting Files */,
			);
			path = FlexLayoutDemoiOS;
			sourceTree = "<group>";
		};
		9DC4B94E1AF07DE2000CD3A8 /* Supporting Files */ = {
			isa = PBXGroup;
			children = (
				9DC4B99E1AF0814B000CD3A8 /* data.json */,
				9DC4B94F1AF07DE2000CD3A8 /* Info.plist */,
				9DC4B9501AF07DE2000CD3A8 /* main.m */,
			);
			name = "Supporting Files";
			sourceTree = "<group>";
		};
		9DC4B9671AF07DE2000CD3A8 /* FlexLayoutDemoiOSTests */ = {
			isa = PBXGroup;
			children = (
				9DC4B96A1AF07DE2000CD3A8 /* FlexLayoutDemoiOSTests.m */,
				9DC4B9681AF07DE2000CD3A8 /* Supporting Files */,
			);
			path = FlexLayoutDemoiOSTests;
			sourceTree = "<group>";
		};
		9DC4B9681AF07DE2000CD3A8 /* Supporting Files */ = {
			isa = PBXGroup;
			children = (
				9DC4B9691AF07DE2000CD3A8 /* Info.plist */,
			);
			name = "Supporting Files";
			sourceTree = "<group>";
		};
		9DC4B9751AF07F11000CD3A8 /* Products */ = {
			isa = PBXGroup;
			children = (
				9DC4B97B1AF07F11000CD3A8 /* FlexLayout.framework */,
				9DC4B97D1AF07F11000CD3A8 /* FlexLayoutTests.xctest */,
				9DC4B97F1AF07F11000CD3A8 /* FlexLayout.framework */,
			);
			name = Products;
			sourceTree = "<group>";
		};
/* End PBXGroup section */

/* Begin PBXNativeTarget section */
		9DC4B94A1AF07DE2000CD3A8 /* FlexLayoutDemoiOS */ = {
			isa = PBXNativeTarget;
			buildConfigurationList = 9DC4B96E1AF07DE2000CD3A8 /* Build configuration list for PBXNativeTarget "FlexLayoutDemoiOS" */;
			buildPhases = (
				9DC4B9471AF07DE2000CD3A8 /* Sources */,
				9DC4B9481AF07DE2000CD3A8 /* Frameworks */,
				9DC4B9491AF07DE2000CD3A8 /* Resources */,
			);
			buildRules = (
			);
			dependencies = (
				9DC4B9901AF07F60000CD3A8 /* PBXTargetDependency */,
			);
			name = FlexLayoutDemoiOS;
			productName = FlexLayoutDemoiOS;
			productReference = 9DC4B94B1AF07DE2000CD3A8 /* FlexLayoutDemoiOS.app */;
			productType = "com.apple.product-type.application";
		};
		9DC4B9631AF07DE2000CD3A8 /* FlexLayoutDemoiOSTests */ = {
			isa = PBXNativeTarget;
			buildConfigurationList = 9DC4B9711AF07DE2000CD3A8 /* Build configuration list for PBXNativeTarget "FlexLayoutDemoiOSTests" */;
			buildPhases = (
				9DC4B9601AF07DE2000CD3A8 /* Sources */,
				9DC4B9611AF07DE2000CD3A8 /* Frameworks */,
				9DC4B9621AF07DE2000CD3A8 /* Resources */,
			);
			buildRules = (
			);
			dependencies = (
				9DC4B9661AF07DE2000CD3A8 /* PBXTargetDependency */,
			);
			name = FlexLayoutDemoiOSTests;
			productName = FlexLayoutDemoiOSTests;
			productReference = 9DC4B9641AF07DE2000CD3A8 /* FlexLayoutDemoiOSTests.xctest */;
			productType = "com.apple.product-type.bundle.unit-test";
		};
/* End PBXNativeTarget section */

/* Begin PBXProject section */
		9DC4B9431AF07DE2000CD3A8 /* Project object */ = {
			isa = PBXProject;
			attributes = {
				LastUpgradeCheck = 0630;
				ORGANIZATIONNAME = mischneider;
				TargetAttributes = {
					9DC4B94A1AF07DE2000CD3A8 = {
						CreatedOnToolsVersion = 6.3.1;
					};
					9DC4B9631AF07DE2000CD3A8 = {
						CreatedOnToolsVersion = 6.3.1;
						TestTargetID = 9DC4B94A1AF07DE2000CD3A8;
					};
				};
			};
			buildConfigurationList = 9DC4B9461AF07DE2000CD3A8 /* Build configuration list for PBXProject "FlexLayoutDemoiOS" */;
			compatibilityVersion = "Xcode 3.2";
			developmentRegion = English;
			hasScannedForEncodings = 0;
			knownRegions = (
				en,
				Base,
			);
			mainGroup = 9DC4B9421AF07DE2000CD3A8;
			productRefGroup = 9DC4B94C1AF07DE2000CD3A8 /* Products */;
			projectDirPath = "";
			projectReferences = (
				{
					ProductGroup = 9DC4B9751AF07F11000CD3A8 /* Products */;
					ProjectRef = 9DC4B9741AF07F11000CD3A8 /* FlexLayout.xcodeproj */;
				},
			);
			projectRoot = "";
			targets = (
				9DC4B94A1AF07DE2000CD3A8 /* FlexLayoutDemoiOS */,
				9DC4B9631AF07DE2000CD3A8 /* FlexLayoutDemoiOSTests */,
			);
		};
/* End PBXProject section */

/* Begin PBXReferenceProxy section */
		9DC4B97B1AF07F11000CD3A8 /* FlexLayout.framework */ = {
			isa = PBXReferenceProxy;
			fileType = wrapper.framework;
			path = FlexLayout.framework;
			remoteRef = 9DC4B97A1AF07F11000CD3A8 /* PBXContainerItemProxy */;
			sourceTree = BUILT_PRODUCTS_DIR;
		};
		9DC4B97D1AF07F11000CD3A8 /* FlexLayoutTests.xctest */ = {
			isa = PBXReferenceProxy;
			fileType = wrapper.cfbundle;
			path = FlexLayoutTests.xctest;
			remoteRef = 9DC4B97C1AF07F11000CD3A8 /* PBXContainerItemProxy */;
			sourceTree = BUILT_PRODUCTS_DIR;
		};
		9DC4B97F1AF07F11000CD3A8 /* FlexLayout.framework */ = {
			isa = PBXReferenceProxy;
			fileType = wrapper.framework;
			path = FlexLayout.framework;
			remoteRef = 9DC4B97E1AF07F11000CD3A8 /* PBXContainerItemProxy */;
			sourceTree = BUILT_PRODUCTS_DIR;
		};
/* End PBXReferenceProxy section */

/* Begin PBXResourcesBuildPhase section */
		9DC4B9491AF07DE2000CD3A8 /* Resources */ = {
			isa = PBXResourcesBuildPhase;
			buildActionMask = 2147483647;
			files = (
				9DC4B95F1AF07DE2000CD3A8 /* LaunchScreen.xib in Resources */,
				9DC4B99F1AF0814B000CD3A8 /* data.json in Resources */,
				9DC4B95C1AF07DE2000CD3A8 /* Images.xcassets in Resources */,
			);
			runOnlyForDeploymentPostprocessing = 0;
		};
		9DC4B9621AF07DE2000CD3A8 /* Resources */ = {
			isa = PBXResourcesBuildPhase;
			buildActionMask = 2147483647;
			files = (
			);
			runOnlyForDeploymentPostprocessing = 0;
		};
/* End PBXResourcesBuildPhase section */

/* Begin PBXSourcesBuildPhase section */
		9DC4B9471AF07DE2000CD3A8 /* Sources */ = {
			isa = PBXSourcesBuildPhase;
			buildActionMask = 2147483647;
			files = (
				9DC4B99B1AF0807E000CD3A8 /* MenuTableViewController.m in Sources */,
				9DC4B9541AF07DE2000CD3A8 /* AppDelegate.m in Sources */,
				9DC4B99C1AF0807E000CD3A8 /* MovieListViewController.m in Sources */,
				9DC4B99D1AF0807E000CD3A8 /* MovieModel.m in Sources */,
				9DC4B9511AF07DE2000CD3A8 /* main.m in Sources */,
			);
			runOnlyForDeploymentPostprocessing = 0;
		};
		9DC4B9601AF07DE2000CD3A8 /* Sources */ = {
			isa = PBXSourcesBuildPhase;
			buildActionMask = 2147483647;
			files = (
				9DC4B96B1AF07DE2000CD3A8 /* FlexLayoutDemoiOSTests.m in Sources */,
			);
			runOnlyForDeploymentPostprocessing = 0;
		};
/* End PBXSourcesBuildPhase section */

/* Begin PBXTargetDependency section */
		9DC4B9661AF07DE2000CD3A8 /* PBXTargetDependency */ = {
			isa = PBXTargetDependency;
			target = 9DC4B94A1AF07DE2000CD3A8 /* FlexLayoutDemoiOS */;
			targetProxy = 9DC4B9651AF07DE2000CD3A8 /* PBXContainerItemProxy */;
		};
		9DC4B9901AF07F60000CD3A8 /* PBXTargetDependency */ = {
			isa = PBXTargetDependency;
			name = "FlexLayout-iOS";
			targetProxy = 9DC4B98F1AF07F60000CD3A8 /* PBXContainerItemProxy */;
		};
/* End PBXTargetDependency section */

/* Begin PBXVariantGroup section */
		9DC4B95D1AF07DE2000CD3A8 /* LaunchScreen.xib */ = {
			isa = PBXVariantGroup;
			children = (
				9DC4B95E1AF07DE2000CD3A8 /* Base */,
			);
			name = LaunchScreen.xib;
			sourceTree = "<group>";
		};
/* End PBXVariantGroup section */

/* Begin XCBuildConfiguration section */
		9DC4B96C1AF07DE2000CD3A8 /* Debug */ = {
			isa = XCBuildConfiguration;
			buildSettings = {
				ALWAYS_SEARCH_USER_PATHS = NO;
				CLANG_CXX_LANGUAGE_STANDARD = "gnu++0x";
				CLANG_CXX_LIBRARY = "libc++";
				CLANG_ENABLE_MODULES = YES;
				CLANG_ENABLE_OBJC_ARC = YES;
				CLANG_WARN_BOOL_CONVERSION = YES;
				CLANG_WARN_CONSTANT_CONVERSION = YES;
				CLANG_WARN_DIRECT_OBJC_ISA_USAGE = YES_ERROR;
				CLANG_WARN_EMPTY_BODY = YES;
				CLANG_WARN_ENUM_CONVERSION = YES;
				CLANG_WARN_INT_CONVERSION = YES;
				CLANG_WARN_OBJC_ROOT_CLASS = YES_ERROR;
				CLANG_WARN_UNREACHABLE_CODE = YES;
				CLANG_WARN__DUPLICATE_METHOD_MATCH = YES;
				"CODE_SIGN_IDENTITY[sdk=iphoneos*]" = "iPhone Developer";
				COPY_PHASE_STRIP = NO;
				DEBUG_INFORMATION_FORMAT = "dwarf-with-dsym";
				ENABLE_STRICT_OBJC_MSGSEND = YES;
				GCC_C_LANGUAGE_STANDARD = gnu99;
				GCC_DYNAMIC_NO_PIC = NO;
				GCC_NO_COMMON_BLOCKS = YES;
				GCC_OPTIMIZATION_LEVEL = 0;
				GCC_PREPROCESSOR_DEFINITIONS = (
					"DEBUG=1",
					"$(inherited)",
				);
				GCC_SYMBOLS_PRIVATE_EXTERN = NO;
				GCC_WARN_64_TO_32_BIT_CONVERSION = YES;
				GCC_WARN_ABOUT_RETURN_TYPE = YES_ERROR;
				GCC_WARN_UNDECLARED_SELECTOR = YES;
				GCC_WARN_UNINITIALIZED_AUTOS = YES_AGGRESSIVE;
				GCC_WARN_UNUSED_FUNCTION = YES;
				GCC_WARN_UNUSED_VARIABLE = YES;
				IPHONEOS_DEPLOYMENT_TARGET = 8.3;
				MTL_ENABLE_DEBUG_INFO = YES;
				ONLY_ACTIVE_ARCH = YES;
				SDKROOT = iphoneos;
				TARGETED_DEVICE_FAMILY = "1,2";
			};
			name = Debug;
		};
		9DC4B96D1AF07DE2000CD3A8 /* Release */ = {
			isa = XCBuildConfiguration;
			buildSettings = {
				ALWAYS_SEARCH_USER_PATHS = NO;
				CLANG_CXX_LANGUAGE_STANDARD = "gnu++0x";
				CLANG_CXX_LIBRARY = "libc++";
				CLANG_ENABLE_MODULES = YES;
				CLANG_ENABLE_OBJC_ARC = YES;
				CLANG_WARN_BOOL_CONVERSION = YES;
				CLANG_WARN_CONSTANT_CONVERSION = YES;
				CLANG_WARN_DIRECT_OBJC_ISA_USAGE = YES_ERROR;
				CLANG_WARN_EMPTY_BODY = YES;
				CLANG_WARN_ENUM_CONVERSION = YES;
				CLANG_WARN_INT_CONVERSION = YES;
				CLANG_WARN_OBJC_ROOT_CLASS = YES_ERROR;
				CLANG_WARN_UNREACHABLE_CODE = YES;
				CLANG_WARN__DUPLICATE_METHOD_MATCH = YES;
				"CODE_SIGN_IDENTITY[sdk=iphoneos*]" = "iPhone Developer";
				COPY_PHASE_STRIP = NO;
				DEBUG_INFORMATION_FORMAT = "dwarf-with-dsym";
				ENABLE_NS_ASSERTIONS = NO;
				ENABLE_STRICT_OBJC_MSGSEND = YES;
				GCC_C_LANGUAGE_STANDARD = gnu99;
				GCC_NO_COMMON_BLOCKS = YES;
				GCC_WARN_64_TO_32_BIT_CONVERSION = YES;
				GCC_WARN_ABOUT_RETURN_TYPE = YES_ERROR;
				GCC_WARN_UNDECLARED_SELECTOR = YES;
				GCC_WARN_UNINITIALIZED_AUTOS = YES_AGGRESSIVE;
				GCC_WARN_UNUSED_FUNCTION = YES;
				GCC_WARN_UNUSED_VARIABLE = YES;
				IPHONEOS_DEPLOYMENT_TARGET = 8.3;
				MTL_ENABLE_DEBUG_INFO = NO;
				SDKROOT = iphoneos;
				TARGETED_DEVICE_FAMILY = "1,2";
				VALIDATE_PRODUCT = YES;
			};
			name = Release;
		};
		9DC4B96F1AF07DE2000CD3A8 /* Debug */ = {
			isa = XCBuildConfiguration;
			buildSettings = {
				ASSETCATALOG_COMPILER_APPICON_NAME = AppIcon;
				INFOPLIST_FILE = FlexLayoutDemoiOS/Info.plist;
				IPHONEOS_DEPLOYMENT_TARGET = 8.0;
				LD_RUNPATH_SEARCH_PATHS = "$(inherited) @executable_path/Frameworks";
				PRODUCT_NAME = "$(TARGET_NAME)";
			};
			name = Debug;
		};
		9DC4B9701AF07DE2000CD3A8 /* Release */ = {
			isa = XCBuildConfiguration;
			buildSettings = {
				ASSETCATALOG_COMPILER_APPICON_NAME = AppIcon;
				INFOPLIST_FILE = FlexLayoutDemoiOS/Info.plist;
				IPHONEOS_DEPLOYMENT_TARGET = 8.0;
				LD_RUNPATH_SEARCH_PATHS = "$(inherited) @executable_path/Frameworks";
				PRODUCT_NAME = "$(TARGET_NAME)";
			};
			name = Release;
		};
		9DC4B9721AF07DE2000CD3A8 /* Debug */ = {
			isa = XCBuildConfiguration;
			buildSettings = {
				BUNDLE_LOADER = "$(TEST_HOST)";
				FRAMEWORK_SEARCH_PATHS = (
					"$(SDKROOT)/Developer/Library/Frameworks",
					"$(inherited)",
				);
				GCC_PREPROCESSOR_DEFINITIONS = (
					"DEBUG=1",
					"$(inherited)",
				);
				INFOPLIST_FILE = FlexLayoutDemoiOSTests/Info.plist;
				LD_RUNPATH_SEARCH_PATHS = "$(inherited) @executable_path/Frameworks @loader_path/Frameworks";
				PRODUCT_NAME = "$(TARGET_NAME)";
				TEST_HOST = "$(BUILT_PRODUCTS_DIR)/FlexLayoutDemoiOS.app/FlexLayoutDemoiOS";
			};
			name = Debug;
		};
		9DC4B9731AF07DE2000CD3A8 /* Release */ = {
			isa = XCBuildConfiguration;
			buildSettings = {
				BUNDLE_LOADER = "$(TEST_HOST)";
				FRAMEWORK_SEARCH_PATHS = (
					"$(SDKROOT)/Developer/Library/Frameworks",
					"$(inherited)",
				);
				INFOPLIST_FILE = FlexLayoutDemoiOSTests/Info.plist;
				LD_RUNPATH_SEARCH_PATHS = "$(inherited) @executable_path/Frameworks @loader_path/Frameworks";
				PRODUCT_NAME = "$(TARGET_NAME)";
				TEST_HOST = "$(BUILT_PRODUCTS_DIR)/FlexLayoutDemoiOS.app/FlexLayoutDemoiOS";
			};
			name = Release;
		};
/* End XCBuildConfiguration section */

/* Begin XCConfigurationList section */
		9DC4B9461AF07DE2000CD3A8 /* Build configuration list for PBXProject "FlexLayoutDemoiOS" */ = {
			isa = XCConfigurationList;
			buildConfigurations = (
				9DC4B96C1AF07DE2000CD3A8 /* Debug */,
				9DC4B96D1AF07DE2000CD3A8 /* Release */,
			);
			defaultConfigurationIsVisible = 0;
			defaultConfigurationName = Release;
		};
		9DC4B96E1AF07DE2000CD3A8 /* Build configuration list for PBXNativeTarget "FlexLayoutDemoiOS" */ = {
			isa = XCConfigurationList;
			buildConfigurations = (
				9DC4B96F1AF07DE2000CD3A8 /* Debug */,
				9DC4B9701AF07DE2000CD3A8 /* Release */,
			);
			defaultConfigurationIsVisible = 0;
			defaultConfigurationName = Release;
		};
		9DC4B9711AF07DE2000CD3A8 /* Build configuration list for PBXNativeTarget "FlexLayoutDemoiOSTests" */ = {
			isa = XCConfigurationList;
			buildConfigurations = (
				9DC4B9721AF07DE2000CD3A8 /* Debug */,
				9DC4B9731AF07DE2000CD3A8 /* Release */,
			);
			defaultConfigurationIsVisible = 0;
			defaultConfigurationName = Release;
		};
/* End XCConfigurationList section */
	};
	rootObject = 9DC4B9431AF07DE2000CD3A8 /* Project object */;
}
